
Microsoft Visual Studio Solution File, Format Version 12.00
# Visual Studio Version 17
VisualStudioVersion = 17.9.34728.123
MinimumVisualStudioVersion = 10.0.40219.1
Project("{9A19103F-16F7-4668-BE54-9A1E7A4F7556}") = "SecureCertificateEncryptionDecryption", "SecureCertificateEncryptionDecryption.csproj", "{0617E96E-B25E-483F-BFF0-8087C9EDDA0D}"
EndProject
Global
	GlobalSection(SolutionConfigurationPlatforms) = preSolution
		Debug|Any CPU = Debug|Any CPU
		Release|Any CPU = Release|Any CPU
	EndGlobalSection
	GlobalSection(ProjectConfigurationPlatforms) = postSolution
		{0617E96E-B25E-483F-BFF0-8087C9EDDA0D}.Debug|Any CPU.ActiveCfg = Debug|Any CPU
		{0617E96E-B25E-483F-BFF0-8087C9EDDA0D}.Debug|Any CPU.Build.0 = Debug|Any CPU
		{0617E96E-B25E-483F-BFF0-8087C9EDDA0D}.Release|Any CPU.ActiveCfg = Release|Any CPU
		{0617E96E-B25E-483F-BFF0-8087C9EDDA0D}.Release|Any CPU.Build.0 = Release|Any CPU
	EndGlobalSection
	GlobalSection(SolutionProperties) = preSolution
		HideSolutionNode = FALSE
	EndGlobalSection
	GlobalSection(ExtensibilityGlobals) = postSolution
		SolutionGuid = {6ADFB746-56E4-4B8A-8367-959B51918690}
	EndGlobalSection
EndGlobal
